{
  "nodes": {
    "home-manager": {
      "inputs": {
        "nixpkgs": [
          "nixpkgs"
        ]
      },
      "locked": {
        "lastModified": 1757920978,
        "narHash": "sha256-Mv16aegXLulgyDunijP6SPFJNm8lSXb2w3Q0X+vZ9TY=",
        "owner": "nix-community",
        "repo": "home-manager",
        "rev": "11cc5449c50e0e5b785be3dfcb88245232633eb8",
        "type": "github"
      },
      "original": {
        "owner": "nix-community",
        "repo": "home-manager",
        "type": "github"
      }
    },
    "master": {
      "locked": {
        "lastModified": 1757981365,
        "narHash": "sha256-Xw+J1yKVrR5aylDplXAuMNkr11KrPZ0HqxPZjhMHjns=",
        "owner": "NixOS",
        "repo": "nixpkgs",
        "rev": "c90d266b5d6feda0f0c6929e21c6d39566bf0a46",
        "type": "github"
      },
      "original": {
        "owner": "NixOS",
        "ref": "master",
        "repo": "nixpkgs",
        "type": "github"
      }
    },
    "nix-flatpak": {
      "locked": {
        "lastModified": 1754777568,
        "narHash": "sha256-0bBqT+3XncgF8F03RFAamw9vdf0VmaDoIJLTGkjfQZs=",
        "owner": "gmodena",
        "repo": "nix-flatpak",
        "rev": "62f636b87ef6050760a8cb325cadb90674d1e23e",
        "type": "github"
      },
      "original": {
        "owner": "gmodena",
        "repo": "nix-flatpak",
        "type": "github"
      }
    },
    "nixpkgs": {
      "locked": {
        "lastModified": 1757745802,
        "narHash": "sha256-hLEO2TPj55KcUFUU1vgtHE9UEIOjRcH/4QbmfHNF820=",
        "owner": "NixOS",
        "repo": "nixpkgs",
        "rev": "c23193b943c6c689d70ee98ce3128239ed9e32d1",
        "type": "github"
      },
      "original": {
        "owner": "NixOS",
        "ref": "nixos-unstable",
        "repo": "nixpkgs",
        "type": "github"
      }
    },
    "personal-nur": {
      "inputs": {
        "nixpkgs": [
          "nixpkgs"
        ]
      },
      "locked": {
        "lastModified": 1757985846,
        "narHash": "sha256-vgPQ/KRoeDq+a8JbKNbZJjaygk4+z8tbFJF08XH7xDk=",
        "owner": "JuxGD",
        "repo": "nur-packges",
        "rev": "2d78a8199f888fc6d471e8a1e608c5408fd5ed10",
        "type": "github"
      },
      "original": {
        "owner": "JuxGD",
        "repo": "nur-packges",
        "type": "github"
      }
    },
    "root": {
      "inputs": {
        "home-manager": "home-manager",
        "master": "master",
        "nix-flatpak": "nix-flatpak",
        "nixpkgs": "nixpkgs",
        "personal-nur": "personal-nur",
        "stable": "stable",
        "staging": "staging"
      }
    },
    "stable": {
      "locked": {
        "lastModified": 1735563628,
        "narHash": "sha256-OnSAY7XDSx7CtDoqNh8jwVwh4xNL/2HaJxGjryLWzX8=",
        "owner": "NixOS",
        "repo": "nixpkgs",
        "rev": "b134951a4c9f3c995fd7be05f3243f8ecd65d798",
        "type": "github"
      },
      "original": {
        "owner": "NixOS",
        "ref": "nixos-24.05",
        "repo": "nixpkgs",
        "type": "github"
      }
    },
    "staging": {
      "locked": {
        "lastModified": 1757981791,
        "narHash": "sha256-4vmMnx039B3GlwV15THi37yolR2K7cNWvZ3vZPQFL7M=",
        "owner": "NixOS",
        "repo": "nixpkgs",
        "rev": "5c46a967a64002b915edde6a63b53c78ec0f6c7a",
        "type": "github"
      },
      "original": {
        "owner": "NixOS",
        "ref": "staging",
        "repo": "nixpkgs",
        "type": "github"
      }
    }
  },
  "root": "root",
  "version": 7
}
